<Solution>
  <Folder Name="/src/">
    <Project Path="src/Rag.NET.Abstractions/Rag.NET.Abstractions.csproj" />
    <Project Path="src/Rag.NET/Rag.NET.csproj" />
    <Project Path="src/Rag.NET.Storage.Sqlite/Rag.NET.Storage.Sqlite.csproj" />
    <Project Path="src/Rag.NET.Resilience/Rag.NET.Resilience.csproj" />
    <Project Path="src/Rag.NET.Caching/Rag.NET.Caching.csproj" />
    <Project Path="src/Rag.NET.VectorStores.PgVector/Rag.NET.VectorStores.PgVector.csproj" />
    <Project Path="src/Rag.NET.Parsers.Pdf/Rag.NET.Parsers.Pdf.csproj" />
    <Project Path="src/Rag.NET.VectorStores.Qdrant/Rag.NET.VectorStores.Qdrant.csproj" />
    <Project Path="src/Rag.NET.Api.Client/Rag.NET.Api.Client.csproj" />
    <Project Path="src/Rag.NET.Api.Grpc.Client/Rag.NET.Api.Grpc.Client.csproj" />
    <Project Path="src/Rag.NET.Api.Grpc/Rag.NET.Api.Grpc.csproj" />
    <Project Path="src/Rag.NET.Api/Rag.NET.Api.csproj" />
    <Project Path="src/Rag.NET.Security.AspNetCore/Rag.NET.Security.AspNetCore.csproj" />
    <Project Path="src/Rag.NET.Security/Rag.NET.Security.csproj" />
    <Project Path="src/Rag.NET.VectorStores.AzureAISearch/Rag.NET.VectorStores.AzureAISearch.csproj" />
    <Project Path="src/Rag.NET.VectorStores.Weaviate/Rag.NET.VectorStores.Weaviate.csproj" />
    <Project Path="src/Rag.NET.VectorStores.Chroma/Rag.NET.VectorStores.Chroma.csproj" />
    <Project Path="src/Rag.NET.VectorStores.Pinecone/Rag.NET.VectorStores.Pinecone.csproj" />
    <Project Path="src/Rag.NET.Parsers.Html/Rag.NET.Parsers.Html.csproj" />
    <Project Path="src/Rag.NET.Parsers.Epub/Rag.NET.Parsers.Epub.csproj" />
    <Project Path="src/Rag.NET.Parsers.Email/Rag.NET.Parsers.Email.csproj" />
    <Project Path="src/Rag.NET.Parsers.Archive/Rag.NET.Parsers.Archive.csproj" />
    <Project Path="src/Rag.NET.Parsers.Office/Rag.NET.Parsers.Office.csproj" />
    <Project Path="src/Rag.NET.Mcp.Tool/Rag.NET.Mcp.Tool.csproj" />
    <Project Path="src/Rag.NET.Mcp/Rag.NET.Mcp.csproj" />
    <Project Path="src/Rag.NET.Mediator/Rag.NET.Mediator.csproj" />
    <Project Path="src/Rag.NET.Parsers.Audio/Rag.NET.Parsers.Audio.csproj" />
    <Project Path="src/Rag.NET.DataProviders/Rag.NET.DataProviders.csproj" />
    <Project Path="src/Rag.NET.DataProviders.GitHub/Rag.NET.DataProviders.GitHub.csproj" />
    <Project Path="src/Rag.NET.DataProviders.Web/Rag.NET.DataProviders.Web.csproj" />
    <Project Path="src/Rag.NET.DataProviders.AzureBlob/Rag.NET.DataProviders.AzureBlob.csproj" />
    <Project Path="src/Rag.NET.Evaluation.Ragas/Rag.NET.Evaluation.Ragas.csproj" />
    <Project Path="src/Rag.NET.Evaluation/Rag.NET.Evaluation.csproj" />
    <Project Path="src/Rag.NET.Reranking.Onnx/Rag.NET.Reranking.Onnx.csproj" />
    <Project Path="src/Rag.NET.Embeddings.Onnx/Rag.NET.Embeddings.Onnx.csproj" />
    <Project Path="src/Rag.NET.Reranking.Cohere/Rag.NET.Reranking.Cohere.csproj" />
    <Project Path="src/Rag.NET.DataProviders.Microsoft365/Rag.NET.DataProviders.Microsoft365.csproj" />
    <Project Path="src/Rag.NET.DataProviders.GoogleDrive/Rag.NET.DataProviders.GoogleDrive.csproj" />
    <Project Path="src/Rag.NET.DataProviders.Dropbox/Rag.NET.DataProviders.Dropbox.csproj" />
    <Project Path="src/Rag.NET.DataProviders.Box/Rag.NET.DataProviders.Box.csproj" />
    <Project Path="src/Rag.NET.DataProviders.Confluence/Rag.NET.DataProviders.Confluence.csproj" />
    <Project Path="src/Rag.NET.DataProviders.Jira/Rag.NET.DataProviders.Jira.csproj" />
    <Project Path="src/Rag.NET.DataProviders.Notion/Rag.NET.DataProviders.Notion.csproj" />
    <Project Path="src/Rag.NET.DataProviders.Asana/Rag.NET.DataProviders.Asana.csproj" />
    <Project Path="src/Rag.NET.DataProviders.Slack/Rag.NET.DataProviders.Slack.csproj" />
    <Project Path="src/Rag.NET.DataProviders.Gmail/Rag.NET.DataProviders.Gmail.csproj" />
    <Project Path="src/Rag.NET.DataProviders.Linear/Rag.NET.DataProviders.Linear.csproj" />
    <Project Path="src/Rag.NET.DataProviders.Bitbucket/Rag.NET.DataProviders.Bitbucket.csproj" />
    <Project Path="src/Rag.NET.DataProviders.Zendesk/Rag.NET.DataProviders.Zendesk.csproj" />
    <Project Path="src/Rag.NET.DataProviders.GitLab/Rag.NET.DataProviders.GitLab.csproj" />
    <Project Path="src/Rag.NET.DataProviders.Airtable/Rag.NET.DataProviders.Airtable.csproj" />
    <Project Path="src/Rag.NET.Raptor/Rag.NET.Raptor.csproj" />
    <Project Path="src/Rag.NET.Graph/Rag.NET.Graph.csproj" />
    <Project Path="src/Rag.NET.GraphRag/Rag.NET.GraphRag.csproj" />
    <Project Path="src/Rag.NET.Chunking/Rag.NET.Chunking.csproj" />
    <Project Path="src/Rag.NET.Chunking.CSharp/Rag.NET.Chunking.CSharp.csproj" />
    <Project Path="src/Rag.NET.Chunking.Templates/Rag.NET.Chunking.Templates.csproj" />
    <Project Path="src/Rag.NET.AnswerEngines/Rag.NET.AnswerEngines.csproj" />
    <Project Path="src/Rag.NET.QueryTechniques/Rag.NET.QueryTechniques.csproj" />
    <Project Path="src/Rag.NET.Memory/Rag.NET.Memory.csproj" />
    <Project Path="src/Rag.NET.Parsers.Vision/Rag.NET.Parsers.Vision.csproj" />
    <Project Path="src/Rag.NET.Parsers.Pdf.AzureDocumentIntelligence/Rag.NET.Parsers.Pdf.AzureDocumentIntelligence.csproj" />
    <Project Path="src/Rag.NET.Ingestion.AzureServiceBus/Rag.NET.Ingestion.AzureServiceBus.csproj" />
    <Project Path="src/Rag.NET.Diagnostics/Rag.NET.Diagnostics.csproj" />
    <Project Path="src/Rag.NET.Diagnostics.AspNetCore/Rag.NET.Diagnostics.AspNetCore.csproj" />
    <Project Path="src/Rag.NET.WebSearch.Tavily/Rag.NET.WebSearch.Tavily.csproj" />
    <Project Path="src/Rag.NET.Benchmarks.Quality/Rag.NET.Benchmarks.Quality.csproj" />
    <Project Path="src/Rag.NET.Telemetry/Rag.NET.Telemetry.csproj" />
    <Project Path="src/Rag.NET.Hosting/Rag.NET.Hosting.csproj" />
    <Project Path="src/Rag.NET.Cli/Rag.NET.Cli.csproj" />
  </Folder>
  <Folder Name="/tests/">
    <Project Path="tests/Rag.NET.Security.AspNetCore.Tests/Rag.NET.Security.AspNetCore.Tests.csproj" />
    <Project Path="tests/Rag.NET.Security.IntegrationTests/Rag.NET.Security.IntegrationTests.csproj" />
    <Project Path="tests/Rag.NET.Security.Tests/Rag.NET.Security.Tests.csproj" />
    <Project Path="tests/Rag.NET.Testing/Rag.NET.Testing.csproj" />
    <Project Path="tests/Rag.NET.Tests/Rag.NET.Tests.csproj" />
    <Project Path="tests/Rag.NET.Storage.Sqlite.Tests/Rag.NET.Storage.Sqlite.Tests.csproj" />
    <Project Path="tests/Rag.NET.Resilience.Tests/Rag.NET.Resilience.Tests.csproj" />
    <Project Path="tests/Rag.NET.Caching.Tests/Rag.NET.Caching.Tests.csproj" />
    <Project Path="tests/Rag.NET.VectorStores.IntegrationTests/Rag.NET.VectorStores.IntegrationTests.csproj" />
    <Project Path="tests/Rag.NET.VectorStores.PgVector.Tests/Rag.NET.VectorStores.PgVector.Tests.csproj" />
    <Project Path="tests/Rag.NET.VectorStores.Qdrant.Tests/Rag.NET.VectorStores.Qdrant.Tests.csproj" />
    <Project Path="tests/Rag.NET.Api.Client.Tests/Rag.NET.Api.Client.Tests.csproj" />
    <Project Path="tests/Rag.NET.Api.Grpc.Client.Tests/Rag.NET.Api.Grpc.Client.Tests.csproj" />
    <Project Path="tests/Rag.NET.Api.Grpc.Tests/Rag.NET.Api.Grpc.Tests.csproj" />
    <Project Path="tests/Rag.NET.Api.Tests/Rag.NET.Api.Tests.csproj" />
    <Project Path="tests/Rag.NET.VectorStores.AzureAISearch.Tests/Rag.NET.VectorStores.AzureAISearch.Tests.csproj" />
    <Project Path="tests/Rag.NET.VectorStores.Weaviate.Tests/Rag.NET.VectorStores.Weaviate.Tests.csproj" />
    <Project Path="tests/Rag.NET.VectorStores.Chroma.Tests/Rag.NET.VectorStores.Chroma.Tests.csproj" />
    <Project Path="tests/Rag.NET.VectorStores.Pinecone.Tests/Rag.NET.VectorStores.Pinecone.Tests.csproj" />
    <Project Path="tests/Rag.NET.Parsers.Html.Tests/Rag.NET.Parsers.Html.Tests.csproj" />
    <Project Path="tests/Rag.NET.Mcp.Tests/Rag.NET.Mcp.Tests.csproj" />
    <Project Path="tests/Rag.NET.Mcp.Tool.Tests/Rag.NET.Mcp.Tool.Tests.csproj" />
    <Project Path="tests/Rag.NET.Parsers.Audio.Tests/Rag.NET.Parsers.Audio.Tests.csproj" />
    <Project Path="tests/Rag.NET.Parsers.Archive.Tests/Rag.NET.Parsers.Archive.Tests.csproj" />
    <Project Path="tests/Rag.NET.Parsers.Email.Tests/Rag.NET.Parsers.Email.Tests.csproj" />
    <Project Path="tests/Rag.NET.Parsers.Epub.Tests/Rag.NET.Parsers.Epub.Tests.csproj" />
    <Project Path="tests/Rag.NET.Parsers.IntegrationTests/Rag.NET.Parsers.IntegrationTests.csproj" />
    <Project Path="tests/Rag.NET.Parsers.Office.Tests/Rag.NET.Parsers.Office.Tests.csproj" />
    <Project Path="tests/Rag.NET.Parsers.Pdf.Tests/Rag.NET.Parsers.Pdf.Tests.csproj" />
    <Project Path="tests/Rag.NET.DataProviders.GitHub.Tests/Rag.NET.DataProviders.GitHub.Tests.csproj" />
    <Project Path="tests/Rag.NET.DataProviders.Tests/Rag.NET.DataProviders.Tests.csproj" />
    <Project Path="tests/Rag.NET.DataProviders.Web.Tests/Rag.NET.DataProviders.Web.Tests.csproj" />
    <Project Path="tests/Rag.NET.DataProviders.AzureBlob.Tests/Rag.NET.DataProviders.AzureBlob.Tests.csproj" />
    <Project Path="tests/Rag.NET.E2ETests/Rag.NET.E2ETests.csproj" />
    <Project Path="tests/Rag.NET.Evaluation.Tests/Rag.NET.Evaluation.Tests.csproj" />
    <Project Path="tests/Rag.NET.Reranking.Onnx.Tests/Rag.NET.Reranking.Onnx.Tests.csproj" />
    <Project Path="tests/Rag.NET.Embeddings.Onnx.Tests/Rag.NET.Embeddings.Onnx.Tests.csproj" />
    <Project Path="tests/Rag.NET.Reranking.Cohere.Tests/Rag.NET.Reranking.Cohere.Tests.csproj" />
    <Project Path="tests/Rag.NET.DataProviders.GoogleDrive.Tests/Rag.NET.DataProviders.GoogleDrive.Tests.csproj" />
    <Project Path="tests/Rag.NET.DataProviders.Dropbox.Tests/Rag.NET.DataProviders.Dropbox.Tests.csproj" />
    <Project Path="tests/Rag.NET.DataProviders.Box.Tests/Rag.NET.DataProviders.Box.Tests.csproj" />
    <Project Path="tests/Rag.NET.DataProviders.Confluence.Tests/Rag.NET.DataProviders.Confluence.Tests.csproj" />
    <Project Path="tests/Rag.NET.DataProviders.IntegrationTests/Rag.NET.DataProviders.IntegrationTests.csproj" />
    <Project Path="tests/Rag.NET.DataProviders.Microsoft365.Tests/Rag.NET.DataProviders.Microsoft365.Tests.csproj" />
    <Project Path="tests/Rag.NET.DataProviders.Jira.Tests/Rag.NET.DataProviders.Jira.Tests.csproj" />
    <Project Path="tests/Rag.NET.DataProviders.Notion.Tests/Rag.NET.DataProviders.Notion.Tests.csproj" />
    <Project Path="tests/Rag.NET.DataProviders.Asana.Tests/Rag.NET.DataProviders.Asana.Tests.csproj" />
    <Project Path="tests/Rag.NET.DataProviders.Slack.Tests/Rag.NET.DataProviders.Slack.Tests.csproj" />
    <Project Path="tests/Rag.NET.DataProviders.Gmail.Tests/Rag.NET.DataProviders.Gmail.Tests.csproj" />
    <Project Path="tests/Rag.NET.DataProviders.Linear.Tests/Rag.NET.DataProviders.Linear.Tests.csproj" />
    <Project Path="tests/Rag.NET.DataProviders.Bitbucket.Tests/Rag.NET.DataProviders.Bitbucket.Tests.csproj" />
    <Project Path="tests/Rag.NET.DataProviders.Zendesk.Tests/Rag.NET.DataProviders.Zendesk.Tests.csproj" />
    <Project Path="tests/Rag.NET.DataProviders.GitLab.Tests/Rag.NET.DataProviders.GitLab.Tests.csproj" />
    <Project Path="tests/Rag.NET.Chunking.CSharp.Tests/Rag.NET.Chunking.CSharp.Tests.csproj" />
    <Project Path="tests/Rag.NET.Chunking.IntegrationTests/Rag.NET.Chunking.IntegrationTests.csproj" />
    <Project Path="tests/Rag.NET.Chunking.Templates.Tests/Rag.NET.Chunking.Templates.Tests.csproj" />
    <Project Path="tests/Rag.NET.DataProviders.Airtable.Tests/Rag.NET.DataProviders.Airtable.Tests.csproj" />
    <Project Path="tests/Rag.NET.Raptor.Tests/Rag.NET.Raptor.Tests.csproj" />
    <Project Path="tests/Rag.NET.Graph.Tests/Rag.NET.Graph.Tests.csproj" />
    <Project Path="tests/Rag.NET.GraphRag.Tests/Rag.NET.GraphRag.Tests.csproj" />
    <Project Path="tests/Rag.NET.Parsers.Vision.Tests/Rag.NET.Parsers.Vision.Tests.csproj" />
    <Project Path="tests/Rag.NET.Parsers.Pdf.AzureDocumentIntelligence.Tests/Rag.NET.Parsers.Pdf.AzureDocumentIntelligence.Tests.csproj" />
    <Project Path="tests/Rag.NET.Ingestion.AzureServiceBus.Tests/Rag.NET.Ingestion.AzureServiceBus.Tests.csproj" />
    <Project Path="tests/Rag.NET.Diagnostics.Tests/Rag.NET.Diagnostics.Tests.csproj" />
    <Project Path="tests/Rag.NET.PackageValidation.Tests/Rag.NET.PackageValidation.Tests.csproj" />
    <Project Path="tests/Rag.NET.RepoConventions.Tests/Rag.NET.RepoConventions.Tests.csproj" />
    <Project Path="tests/Rag.NET.WebSearch.Tavily.Tests/Rag.NET.WebSearch.Tavily.Tests.csproj" />
    <Project Path="tests/Rag.NET.Benchmarks.Quality.Tests/Rag.NET.Benchmarks.Quality.Tests.csproj" />
    <Project Path="tests/Rag.NET.Benchmarks.Quality.IntegrationTests/Rag.NET.Benchmarks.Quality.IntegrationTests.csproj" />
    <Project Path="tests/Rag.NET.Telemetry.Tests/Rag.NET.Telemetry.Tests.csproj" />
    <Project Path="tests/Rag.NET.Hosting.Tests/Rag.NET.Hosting.Tests.csproj" />
    <Project Path="tests/Rag.NET.Cli.Tests/Rag.NET.Cli.Tests.csproj" />
  </Folder>
  <Folder Name="/samples/">
    <Project Path="samples/Rag.NET.Sample.Web/Rag.NET.Sample.Web.csproj" />
    <Project Path="samples/Rag.NET.Sample/Rag.NET.Sample.csproj" />
    <Project Path="samples/Rag.NET.QuickStart/Rag.NET.QuickStart.csproj" />
  </Folder>
  <Folder Name="/benchmarks/">
    <Project Path="benchmarks/Rag.NET.Benchmarks/Rag.NET.Benchmarks.csproj" />
    <Project Path="benchmarks/Rag.NET.Benchmarks.Quality.Hypotheticals/Rag.NET.Benchmarks.Quality.Hypotheticals.csproj" />
  </Folder>
</Solution>
